
Microsoft Visual Studio Solution File, Format Version 12.00
# Visual Studio Version 16
VisualStudioVersion = 16.0.30804.86
MinimumVisualStudioVersion = 10.0.40219.1
Project("{FAE04EC0-301F-11D3-BF4B-00C04F79EFBC}") = "SFML Tutoriual", "SFML Tutoriual\SFML Tutoriual.csproj", "{CC00839B-367D-4FBE-9DF6-9F7ADF28921D}"
EndProject
Global
	GlobalSection(SolutionConfigurationPlatforms) = preSolution
		Debug|Any CPU = Debug|Any CPU
		Release|Any CPU = Release|Any CPU
	EndGlobalSection
	GlobalSection(ProjectConfigurationPlatforms) = postSolution
		{CC00839B-367D-4FBE-9DF6-9F7ADF28921D}.Debug|Any CPU.ActiveCfg = Debug|Any CPU
		{CC00839B-367D-4FBE-9DF6-9F7ADF28921D}.Debug|Any CPU.Build.0 = Debug|Any CPU
		{CC00839B-367D-4FBE-9DF6-9F7ADF28921D}.Release|Any CPU.ActiveCfg = Release|Any CPU
		{CC00839B-367D-4FBE-9DF6-9F7ADF28921D}.Release|Any CPU.Build.0 = Release|Any CPU
	EndGlobalSection
	GlobalSection(SolutionProperties) = preSolution
		HideSolutionNode = FALSE
	EndGlobalSection
	GlobalSection(ExtensibilityGlobals) = postSolution
		SolutionGuid = {D467DA57-ADDB-4DED-9266-2D3A8F3611B9}
	EndGlobalSection
EndGlobal
